
Microsoft Visual Studio Solution File, Format Version 12.00
# Visual Studio 15
VisualStudioVersion = 15.0.28307.421
MinimumVisualStudioVersion = 10.0.40219.1
Project("{FAE04EC0-301F-11D3-BF4B-00C04F79EFBC}") = "ARINNASOL-ERP-BLL-API", "ARINNASOL-ERP-BLL-API\ARINNASOL-ERP-BLL-API.csproj", "{7C7825F5-7BC7-4202-B962-D6CBC46F6A3D}"
EndProject
Project("{FAE04EC0-301F-11D3-BF4B-00C04F79EFBC}") = "ARINNASOL-ERP-BLL-API.Tests", "ARINNASOL-ERP-BLL-API.Tests\ARINNASOL-ERP-BLL-API.Tests.csproj", "{A0198A5B-F04E-45CE-A059-9E380692A9F7}"
EndProject
Global
	GlobalSection(SolutionConfigurationPlatforms) = preSolution
		Debug|Any CPU = Debug|Any CPU
		Release|Any CPU = Release|Any CPU
	EndGlobalSection
	GlobalSection(ProjectConfigurationPlatforms) = postSolution
		{7C7825F5-7BC7-4202-B962-D6CBC46F6A3D}.Debug|Any CPU.ActiveCfg = Debug|Any CPU
		{7C7825F5-7BC7-4202-B962-D6CBC46F6A3D}.Debug|Any CPU.Build.0 = Debug|Any CPU
		{7C7825F5-7BC7-4202-B962-D6CBC46F6A3D}.Release|Any CPU.ActiveCfg = Release|Any CPU
		{7C7825F5-7BC7-4202-B962-D6CBC46F6A3D}.Release|Any CPU.Build.0 = Release|Any CPU
		{A0198A5B-F04E-45CE-A059-9E380692A9F7}.Debug|Any CPU.ActiveCfg = Debug|Any CPU
		{A0198A5B-F04E-45CE-A059-9E380692A9F7}.Debug|Any CPU.Build.0 = Debug|Any CPU
		{A0198A5B-F04E-45CE-A059-9E380692A9F7}.Release|Any CPU.ActiveCfg = Release|Any CPU
		{A0198A5B-F04E-45CE-A059-9E380692A9F7}.Release|Any CPU.Build.0 = Release|Any CPU
	EndGlobalSection
	GlobalSection(SolutionProperties) = preSolution
		HideSolutionNode = FALSE
	EndGlobalSection
	GlobalSection(ExtensibilityGlobals) = postSolution
		SolutionGuid = {E277A204-7C18-45CB-9667-183A12DC6117}
	EndGlobalSection
EndGlobal
