
Microsoft Visual Studio Solution File, Format Version 12.00
# Visual Studio 15
VisualStudioVersion = 15.0.26730.15
MinimumVisualStudioVersion = 10.0.40219.1
Project("{FAE04EC0-301F-11D3-BF4B-00C04F79EFBC}") = "ARIS-ERP-API", "ARIS-ERP-API\ARIS-ERP-API.csproj", "{C08CB2F8-6EF6-4DCB-8BBF-86FAC1FC0516}"
EndProject
Project("{FAE04EC0-301F-11D3-BF4B-00C04F79EFBC}") = "ARIS-ERP-API-Test", "ARIS-ERP-API-Test\ARIS-ERP-API-Test.csproj", "{33AE4488-CA38-4601-83A0-67111AE78F1D}"
EndProject
Global
	GlobalSection(SolutionConfigurationPlatforms) = preSolution
		Debug|Any CPU = Debug|Any CPU
		Release|Any CPU = Release|Any CPU
	EndGlobalSection
	GlobalSection(ProjectConfigurationPlatforms) = postSolution
		{C08CB2F8-6EF6-4DCB-8BBF-86FAC1FC0516}.Debug|Any CPU.ActiveCfg = Debug|Any CPU
		{C08CB2F8-6EF6-4DCB-8BBF-86FAC1FC0516}.Debug|Any CPU.Build.0 = Debug|Any CPU
		{C08CB2F8-6EF6-4DCB-8BBF-86FAC1FC0516}.Release|Any CPU.ActiveCfg = Release|Any CPU
		{C08CB2F8-6EF6-4DCB-8BBF-86FAC1FC0516}.Release|Any CPU.Build.0 = Release|Any CPU
		{33AE4488-CA38-4601-83A0-67111AE78F1D}.Debug|Any CPU.ActiveCfg = Debug|Any CPU
		{33AE4488-CA38-4601-83A0-67111AE78F1D}.Debug|Any CPU.Build.0 = Debug|Any CPU
		{33AE4488-CA38-4601-83A0-67111AE78F1D}.Release|Any CPU.ActiveCfg = Release|Any CPU
		{33AE4488-CA38-4601-83A0-67111AE78F1D}.Release|Any CPU.Build.0 = Release|Any CPU
	EndGlobalSection
	GlobalSection(SolutionProperties) = preSolution
		HideSolutionNode = FALSE
	EndGlobalSection
	GlobalSection(ExtensibilityGlobals) = postSolution
		SolutionGuid = {AF3CFD7F-40F2-4112-AFD4-0EB5CCA2CFA2}
	EndGlobalSection
EndGlobal
